symfony v2.0.15
twig v1.8.2
monolog 1.0.2
doctrine-common 2.2.0
doctrine-dbal 2.2.0
doctrine 2.2.0
swiftmailer v4.1.7
assetic v1.0.3
twig-extensions 5c2d515d4624bdd588226d688173cf0399a4d8cf
metadata 1.0.0
SensioFrameworkExtraBundle d81d9607753de458f55947d206b9e39ac7b17078
JMSSecurityExtraBundle e752f888c51425f71382c056961f10f2be642102
SensioDistributionBundle v2.2.0-BETA1^2^2
SensioGeneratorBundle 71c9937e254ba7d254fb28f8137684200bf072bc
AsseticBundle v1.0.1
FOSUserBundle 1.2.0
FOSFacebookBundle 5c5b98f2c2d051bd4974190808d333a223fff844
FacebookSDK aecd4bfba0b5bd8e237269732cea7da2f8f1a34c
KnpMenu 730bc37232f5f813822acf80edfbd89381ea5971
KnpMenuBundle bfaa9f1a74ee590c5e6460a3139b268fce1f1885
Imagine v0.2.0
LiipImagineBundle 5567a0fefc7f562b01eaed85bd87ebb916b3917b
gaufrette 514a1602e975d3989b286350a8a874d5725fbdc9
KnpGaufretteBundle fe09a0cd034f1ff34b836dc4ca67e96b9fed18c6
aws-sdk 1.5.17.1
doctrine-fixtures 50e7e644984f17038224f6fcd02c2b7c20147980
DoctrineFixturesBundle 479f10d068bd0b01e055aa2f555946893322b79c
FOSJsRoutingBundle 49449cd5ecde0254fdc554068fe8c87470b1057d
ExposeTranslationBundle e8f5a65a5db8147b0e183c54c181f02d4891fb4f
JsFormValidationBundle v2.0
DoctrineExtensions v0.1
FOSMessageBundle 86b774668ddd1636bf51dc58ee7384f73987c5d3
