symfony v2.0.15
twig v1.8.2
monolog 1.0.2
doctrine-common 2.2.0
doctrine-dbal 2.2.0
doctrine 2.2.0
swiftmailer v4.1.7
assetic v1.0.3
twig-extensions dcdff02fbac1282e6b8f4d0558cc7e9580105688
metadata 1.0.0
SensioFrameworkExtraBundle v2.0.17
JMSSecurityExtraBundle e752f888c51425f71382c056961f10f2be642102
SensioDistributionBundle v2.0.17
SensioGeneratorBundle v2.0.17
AsseticBundle v1.0.1
FOSUserBundle 1.2.0
FOSFacebookBundle 5c5b98f2c2d051bd4974190808d333a223fff844
FacebookSDK v3.2.0
KnpMenu b750b0346cec3cb77e49ed75c6e272bc9636a47b
KnpMenuBundle 6040c533f561da285e38e8bda271d7aaaf62fd10
Imagine v0.2.0
LiipImagineBundle 922535f154c55672cf326e87500e69f933140f37
gaufrette 0628ac151f6326e8a1c97f531a5bb891d9a0ab6f
KnpGaufretteBundle 0858fae9bce056aed96b098b03db9e0c9ae29c14
aws-sdk 1.5.15
doctrine-fixtures v1.0.0-ALPHA3
DoctrineFixturesBundle 479f10d068bd0b01e055aa2f555946893322b79c
FOSJsRoutingBundle 1.0.2
ExposeTranslationBundle 1a6d1fca6bf0fa92c8bdf3437df84aacb1cbb547
JsFormValidationBundle v2.0
DoctrineExtensions v0.1
