symfony v2.0.15
twig v1.8.2
monolog 1.0.2
doctrine-common 2.1.4
doctrine-dbal 2.1.7
doctrine 2.1.7
swiftmailer v4.1.7
assetic v1.0.3
twig-extensions v1.0.0-alpha
metadata 1.0.0
SensioFrameworkExtraBundle v2.0.17
JMSSecurityExtraBundle e752f888c51425f71382c056961f10f2be642102
SensioDistributionBundle v2.0.17
SensioGeneratorBundle v2.0.17
AsseticBundle v1.0.1
FOSUserBundle 1.2.0
FOSFacebookBundle 5c5b98f2c2d051bd4974190808d333a223fff844
FacebookSDK 98f2be163c96a51166354e467b95dd38aa4b0a19
KnpMenu 78f78d593117ac50ba3ab13664a7c99904f694d1
KnpMenuBundle dcbbf95363d2e36d507b481ac2124a0ae0ce6e67
Imagine v0.2.0
LiipImagineBundle fddd850395fea776fa12501d9da41b049f719ad8
gaufrette 8611109aeb0bd43fd88485c20fec7fc85b021b84
KnpGaufretteBundle ca477696cc87347aa2499843e3ebd23fabf118b7
aws-sdk 1.5.14
doctrine-fixtures 779c3dfe446b6da893be87b908d6be28345d1e01
DoctrineFixturesBundle 479f10d068bd0b01e055aa2f555946893322b79c
FOSJsRoutingBundle f1a19530756d9614e5ab58a509587b1dd0f3f826
ExposeTranslationBundle 87114ef419f6ec7796a1c2dcb951d2911604d15e
JsFormValidationBundle 138b8b377888c2c46a67869ec8173a040aaecf7f
